Microsoft Visual Studio Solution File, Format Version 12.00
# Visual Studio Version 17
VisualStudioVersion = 17.5.2.0
MinimumVisualStudioVersion = 10.0.40219.1
Project("{FAE04EC0-301F-11D3-BF4B-00C04F79EFBC}") = "eleven.demo", "eleven.demo\eleven.demo.csproj", "{DF7AAE46-6093-6578-DC0B-CCF7B0C990F8}"
EndProject
Global
	GlobalSection(SolutionConfigurationPlatforms) = preSolution
		Debug|Any CPU = Debug|Any CPU
		Release|Any CPU = Release|Any CPU
	EndGlobalSection
	GlobalSection(ProjectConfigurationPlatforms) = postSolution
		{DF7AAE46-6093-6578-DC0B-CCF7B0C990F8}.Debug|Any CPU.ActiveCfg = Debug|Any CPU
		{DF7AAE46-6093-6578-DC0B-CCF7B0C990F8}.Debug|Any CPU.Build.0 = Debug|Any CPU
		{DF7AAE46-6093-6578-DC0B-CCF7B0C990F8}.Release|Any CPU.ActiveCfg = Release|Any CPU
		{DF7AAE46-6093-6578-DC0B-CCF7B0C990F8}.Release|Any CPU.Build.0 = Release|Any CPU
	EndGlobalSection
	GlobalSection(SolutionProperties) = preSolution
		HideSolutionNode = FALSE
	EndGlobalSection
	GlobalSection(ExtensibilityGlobals) = postSolution
		SolutionGuid = {7526A30B-0292-4275-96A1-F757F8D26024}
	EndGlobalSection
EndGlobal
